hash: 05d0a8bcf7460c05acbcb851412787b64c0d7369994b7597f9e26bcbac43a4f1
updated: 2017-07-24T11:30:42.217491634+08:00
imports:
- name: github.com/bitly/go-simplejson
  version: da1a8928f709389522c8023062a3739f3b4af419
- name: github.com/dnaproject/gopass
  version: 3d5cac4c3c49028515a6f149131ef897100b71c2
- name: github.com/golang/crypto
  version: 08a7dbd3d99261d9ae86ef1b3b8bdb0382fb82cd
  subpackages:
  - ripemd160
  - ssh/terminal
- name: github.com/golang/snappy
  version: 553a641470496b2327abcac10b36396bd98e45c9
- name: github.com/gorilla/websocket
  version: a91eba7f97777409bc2c443f5534d41dd20c5720
- name: github.com/itchyny/base58-go
  version: 4b24a7dfa1bfba3724ffb3598b1c6ded1cff087f
- name: github.com/mitchellh/go-homedir
  version: b8bc1bf767474819792c23f32d8286a45736f1c6
- name: github.com/pborman/uuid
  version: 1b00554d822231195d1babd97ff4a781231955c9
- name: github.com/syndtr/goleveldb
  version: 8c81ea47d4c41a385645e133e15510fc6a2a74b4
  subpackages:
  - leveldb
  - leveldb/cache
  - leveldb/comparer
  - leveldb/errors
  - leveldb/filter
  - leveldb/iterator
  - leveldb/journal
  - leveldb/memdb
  - leveldb/opt
  - leveldb/storage
  - leveldb/table
  - leveldb/util
- name: github.com/urfave/cli
  version: 4b90d79a682b4bf685762c7452db20f2a676ecb2
- name: github.com/whyrusleeping/tar-utils
  version: e8a5890cfc9d59a203361237581468780d945b6e
- name: github.com/ethereum/go-ethereum
  version: 2b4a5f2677fdf0d8a34a2d19fddc203b973dfe02
  subpackages:
  - crypto/secp256k1
  - crypto/sha3
  - params
testImports: []
